// !$*UTF8*$!
{
	archiveVersion = 1;
	classes = {
	};
	objectVersion = 50;
	objects = {

/* Begin PBXBuildFile section */
		C3E56F0623DFD24F00D1DC43 /* AppDelegate.swift in Sources */ = {isa = PBXBuildFile; fileRef = C3E56F0523DFD24F00D1DC43 /* AppDelegate.swift */; };
		C3E56F0823DFD24F00D1DC43 /* SceneDelegate.swift in Sources */ = {isa = PBXBuildFile; fileRef = C3E56F0723DFD24F00D1DC43 /* SceneDelegate.swift */; };
		C3E56F0A23DFD24F00D1DC43 /* ViewController.swift in Sources */ = {isa = PBXBuildFile; fileRef = C3E56F0923DFD24F00D1DC43 /* ViewController.swift */; };
		C3E56F0D23DFD24F00D1DC43 /* Main.storyboard in Resources */ = {isa = PBXBuildFile; fileRef = C3E56F0B23DFD24F00D1DC43 /* Main.storyboard */; };
		C3E56F0F23DFD25000D1DC43 /* Assets.xcassets in Resources */ = {isa = PBXBuildFile; fileRef = C3E56F0E23DFD25000D1DC43 /* Assets.xcassets */; };
		C3E56F1223DFD25000D1DC43 /* LaunchScreen.storyboard in Resources */ = {isa = PBXBuildFile; fileRef = C3E56F1023DFD25000D1DC43 /* LaunchScreen.storyboard */; };
/* End PBXBuildFile section */

/* Begin PBXFileReference section */
		C3E56F0223DFD24F00D1DC43 /* SkillLaneTest.app */ = {isa = PBXFileReference; explicitFileType = wrapper.application; includeInIndex = 0; path = SkillLaneTest.app; sourceTree = BUILT_PRODUCTS_DIR; };
		C3E56F0523DFD24F00D1DC43 /* AppDelegate.swift */ = {isa = PBXFileReference; lastKnownFileType = sourcecode.swift; path = AppDelegate.swift; sourceTree = "<group>"; };
		C3E56F0723DFD24F00D1DC43 /* SceneDelegate.swift */ = {isa = PBXFileReference; lastKnownFileType = sourcecode.swift; path = SceneDelegate.swift; sourceTree = "<group>"; };
		C3E56F0923DFD24F00D1DC43 /* ViewController.swift */ = {isa = PBXFileReference; lastKnownFileType = sourcecode.swift; path = ViewController.swift; sourceTree = "<group>"; };
		C3E56F0C23DFD24F00D1DC43 /* Base */ = {isa = PBXFileReference; lastKnownFileType = file.storyboard; name = Base; path = Base.lproj/Main.storyboard; sourceTree = "<group>"; };
		C3E56F0E23DFD25000D1DC43 /* Assets.xcassets */ = {isa = PBXFileReference; lastKnownFileType = folder.assetcatalog; path = Assets.xcassets; sourceTree = "<group>"; };
		C3E56F1123DFD25000D1DC43 /* Base */ = {isa = PBXFileReference; lastKnownFileType = file.storyboard; name = Base; path = Base.lproj/LaunchScreen.storyboard; sourceTree = "<group>"; };
		C3E56F1323DFD25000D1DC43 /* Info.plist */ = {isa = PBXFileReference; lastKnownFileType = text.plist.xml; path = Info.plist; sourceTree = "<group>"; };
/* End PBXFileReference section */

/* Begin PBXFrameworksBuildPhase section */
		C3E56EFF23DFD24F00D1DC43 /* Frameworks */ = {
			isa = PBXFrameworksBuildPhase;
			buildActionMask = 2147483647;
			files = (
			);
			runOnlyForDeploymentPostprocessing = 0;
		};
/* End PBXFrameworksBuildPhase section */

/* Begin PBXGroup section */
		C3E56EF923DFD24F00D1DC43 = {
			isa = PBXGroup;
			children = (
				C3E56F0423DFD24F00D1DC43 /* SkillLaneTest */,
				C3E56F0323DFD24F00D1DC43 /* Products */,
			);
			sourceTree = "<group>";
		};
		C3E56F0323DFD24F00D1DC43 /* Products */ = {
			isa = PBXGroup;
			children = (
				C3E56F0223DFD24F00D1DC43 /* SkillLaneTest.app */,
			);
			name = Products;
			sourceTree = "<group>";
		};
		C3E56F0423DFD24F00D1DC43 /* SkillLaneTest */ = {
			isa = PBXGroup;
			children = (
				C3E56F0523DFD24F00D1DC43 /* AppDelegate.swift */,
				C3E56F0723DFD24F00D1DC43 /* SceneDelegate.swift */,
				C3E56F0923DFD24F00D1DC43 /* ViewController.swift */,
				C3E56F0B23DFD24F00D1DC43 /* Main.storyboard */,
				C3E56F0E23DFD25000D1DC43 /* Assets.xcassets */,
				C3E56F1023DFD25000D1DC43 /* LaunchScreen.storyboard */,
				C3E56F1323DFD25000D1DC43 /* Info.plist */,
			);
			path = SkillLaneTest;
			sourceTree = "<group>";
		};
/* End PBXGroup section */

/* Begin PBXNativeTarget section */
		C3E56F0123DFD24F00D1DC43 /* SkillLaneTest */ = {
			isa = PBXNativeTarget;
			buildConfigurationList = C3E56F1623DFD25000D1DC43 /* Build configuration list for PBXNativeTarget "SkillLaneTest" */;
			buildPhases = (
				C3E56EFE23DFD24F00D1DC43 /* Sources */,
				C3E56EFF23DFD24F00D1DC43 /* Frameworks */,
				C3E56F0023DFD24F00D1DC43 /* Resources */,
			);
			buildRules = (
			);
			dependencies = (
			);
			name = SkillLaneTest;
			productName = SkillLaneTest;
			productReference = C3E56F0223DFD24F00D1DC43 /* SkillLaneTest.app */;
			productType = "com.apple.product-type.application";
		};
/* End PBXNativeTarget section */

/* Begin PBXProject section */
		C3E56EFA23DFD24F00D1DC43 /* Project object */ = {
			isa = PBXProject;
			attributes = {
				LastSwiftUpdateCheck = 1130;
				LastUpgradeCheck = 1130;
				ORGANIZATIONNAME = GAS;
				TargetAttributes = {
					C3E56F0123DFD24F00D1DC43 = {
						CreatedOnToolsVersion = 11.3.1;
					};
				};
			};
			buildConfigurationList = C3E56EFD23DFD24F00D1DC43 /* Build configuration list for PBXProject "SkillLaneTest" */;
			compatibilityVersion = "Xcode 9.3";
			developmentRegion = en;
			hasScannedForEncodings = 0;
			knownRegions = (
				en,
				Base,
			);
			mainGroup = C3E56EF923DFD24F00D1DC43;
			productRefGroup = C3E56F0323DFD24F00D1DC43 /* Products */;
			projectDirPath = "";
			projectRoot = "";
			targets = (
				C3E56F0123DFD24F00D1DC43 /* SkillLaneTest */,
			);
		};
/* End PBXProject section */

/* Begin PBXResourcesBuildPhase section */
		C3E56F0023DFD24F00D1DC43 /* Resources */ = {
			isa = PBXResourcesBuildPhase;
			buildActionMask = 2147483647;
			files = (
				C3E56F1223DFD25000D1DC43 /* LaunchScreen.storyboard in Resources */,
				C3E56F0F23DFD25000D1DC43 /* Assets.xcassets in Resources */,
				C3E56F0D23DFD24F00D1DC43 /* Main.storyboard in Resources */,
			);
			runOnlyForDeploymentPostprocessing = 0;
		};
/* End PBXResourcesBuildPhase section */

/* Begin PBXSourcesBuildPhase section */
		C3E56EFE23DFD24F00D1DC43 /* Sources */ = {
			isa = PBXSourcesBuildPhase;
			buildActionMask = 2147483647;
			files = (
				C3E56F0A23DFD24F00D1DC43 /* ViewController.swift in Sources */,
				C3E56F0623DFD24F00D1DC43 /* AppDelegate.swift in Sources */,
				C3E56F0823DFD24F00D1DC43 /* SceneDelegate.swift in Sources */,
			);
			runOnlyForDeploymentPostprocessing = 0;
		};
/* End PBXSourcesBuildPhase section */

/* Begin PBXVariantGroup section */
		C3E56F0B23DFD24F00D1DC43 /* Main.storyboard */ = {
			isa = PBXVariantGroup;
			children = (
				C3E56F0C23DFD24F00D1DC43 /* Base */,
			);
			name = Main.storyboard;
			sourceTree = "<group>";
		};
		C3E56F1023DFD25000D1DC43 /* LaunchScreen.storyboard */ = {
			isa = PBXVariantGroup;
			children = (
				C3E56F1123DFD25000D1DC43 /* Base */,
			);
			name = LaunchScreen.storyboard;
			sourceTree = "<group>";
		};
/* End PBXVariantGroup section */

/* Begin XCBuildConfiguration section */
		C3E56F1423DFD25000D1DC43 /* Debug */ = {
			isa = XCBuildConfiguration;
			buildSettings = {
				ALWAYS_SEARCH_USER_PATHS = NO;
				CLANG_ANALYZER_NONNULL = YES;
				CLANG_ANALYZER_NUMBER_OBJECT_CONVERSION = YES_AGGRESSIVE;
				CLANG_CXX_LANGUAGE_STANDARD = "gnu++14";
				CLANG_CXX_LIBRARY = "libc++";
				CLANG_ENABLE_MODULES = YES;
				CLANG_ENABLE_OBJC_ARC = YES;
				CLANG_ENABLE_OBJC_WEAK = YES;
				CLANG_WARN_BLOCK_CAPTURE_AUTORELEASING = YES;
				CLANG_WARN_BOOL_CONVERSION = YES;
				CLANG_WARN_COMMA = YES;
				CLANG_WARN_CONSTANT_CONVERSION = YES;
				CLANG_WARN_DEPRECATED_OBJC_IMPLEMENTATIONS = YES;
				CLANG_WARN_DIRECT_OBJC_ISA_USAGE = YES_ERROR;
				CLANG_WARN_DOCUMENTATION_COMMENTS = YES;
				CLANG_WARN_EMPTY_BODY = YES;
				CLANG_WARN_ENUM_CONVERSION = YES;
				CLANG_WARN_INFINITE_RECURSION = YES;
				CLANG_WARN_INT_CONVERSION = YES;
				CLANG_WARN_NON_LITERAL_NULL_CONVERSION = YES;
				CLANG_WARN_OBJC_IMPLICIT_RETAIN_SELF = YES;
				CLANG_WARN_OBJC_LITERAL_CONVERSION = YES;
				CLANG_WARN_OBJC_ROOT_CLASS = YES_ERROR;
				CLANG_WARN_RANGE_LOOP_ANALYSIS = YES;
				CLANG_WARN_STRICT_PROTOTYPES = YES;
				CLANG_WARN_SUSPICIOUS_MOVE = YES;
				CLANG_WARN_UNGUARDED_AVAILABILITY = YES_AGGRESSIVE;
				CLANG_WARN_UNREACHABLE_CODE = YES;
				CLANG_WARN__DUPLICATE_METHOD_MATCH = YES;
				COPY_PHASE_STRIP = NO;
				DEBUG_INFORMATION_FORMAT = dwarf;
				ENABLE_STRICT_OBJC_MSGSEND = YES;
				ENABLE_TESTABILITY = YES;
				GCC_C_LANGUAGE_STANDARD = gnu11;
				GCC_DYNAMIC_NO_PIC = NO;
				GCC_NO_COMMON_BLOCKS = YES;
				GCC_OPTIMIZATION_LEVEL = 0;
				GCC_PREPROCESSOR_DEFINITIONS = (
					"DEBUG=1",
					"$(inherited)",
				);
				GCC_WARN_64_TO_32_BIT_CONVERSION = YES;
				GCC_WARN_ABOUT_RETURN_TYPE = YES_ERROR;
				GCC_WARN_UNDECLARED_SELECTOR = YES;
				GCC_WARN_UNINITIALIZED_AUTOS = YES_AGGRESSIVE;
				GCC_WARN_UNUSED_FUNCTION = YES;
				GCC_WARN_UNUSED_VARIABLE = YES;
				IPHONEOS_DEPLOYMENT_TARGET = 13.2;
				MTL_ENABLE_DEBUG_INFO = INCLUDE_SOURCE;
				MTL_FAST_MATH = YES;
				ONLY_ACTIVE_ARCH = YES;
				SDKROOT = iphoneos;
				SWIFT_ACTIVE_COMPILATION_CONDITIONS = DEBUG;
				SWIFT_OPTIMIZATION_LEVEL = "-Onone";
			};
			name = Debug;
		};
		C3E56F1523DFD25000D1DC43 /* Release */ = {
			isa = XCBuildConfiguration;
			buildSettings = {
				ALWAYS_SEARCH_USER_PATHS = NO;
				CLANG_ANALYZER_NONNULL = YES;
				CLANG_ANALYZER_NUMBER_OBJECT_CONVERSION = YES_AGGRESSIVE;
				CLANG_CXX_LANGUAGE_STANDARD = "gnu++14";
				CLANG_CXX_LIBRARY = "libc++";
				CLANG_ENABLE_MODULES = YES;
				CLANG_ENABLE_OBJC_ARC = YES;
				CLANG_ENABLE_OBJC_WEAK = YES;
				CLANG_WARN_BLOCK_CAPTURE_AUTORELEASING = YES;
				CLANG_WARN_BOOL_CONVERSION = YES;
				CLANG_WARN_COMMA = YES;
				CLANG_WARN_CONSTANT_CONVERSION = YES;
				CLANG_WARN_DEPRECATED_OBJC_IMPLEMENTATIONS = YES;
				CLANG_WARN_DIRECT_OBJC_ISA_USAGE = YES_ERROR;
				CLANG_WARN_DOCUMENTATION_COMMENTS = YES;
				CLANG_WARN_EMPTY_BODY = YES;
				CLANG_WARN_ENUM_CONVERSION = YES;
				CLANG_WARN_INFINITE_RECURSION = YES;
				CLANG_WARN_INT_CONVERSION = YES;
				CLANG_WARN_NON_LITERAL_NULL_CONVERSION = YES;
				CLANG_WARN_OBJC_IMPLICIT_RETAIN_SELF = YES;
				CLANG_WARN_OBJC_LITERAL_CONVERSION = YES;
				CLANG_WARN_OBJC_ROOT_CLASS = YES_ERROR;
				CLANG_WARN_RANGE_LOOP_ANALYSIS = YES;
				CLANG_WARN_STRICT_PROTOTYPES = YES;
				CLANG_WARN_SUSPICIOUS_MOVE = YES;
				CLANG_WARN_UNGUARDED_AVAILABILITY = YES_AGGRESSIVE;
				CLANG_WARN_UNREACHABLE_CODE = YES;
				CLANG_WARN__DUPLICATE_METHOD_MATCH = YES;
				COPY_PHASE_STRIP = NO;
				DEBUG_INFORMATION_FORMAT = "dwarf-with-dsym";
				ENABLE_NS_ASSERTIONS = NO;
				ENABLE_STRICT_OBJC_MSGSEND = YES;
				GCC_C_LANGUAGE_STANDARD = gnu11;
				GCC_NO_COMMON_BLOCKS = YES;
				GCC_WARN_64_TO_32_BIT_CONVERSION = YES;
				GCC_WARN_ABOUT_RETURN_TYPE = YES_ERROR;
				GCC_WARN_UNDECLARED_SELECTOR = YES;
				GCC_WARN_UNINITIALIZED_AUTOS = YES_AGGRESSIVE;
				GCC_WARN_UNUSED_FUNCTION = YES;
				GCC_WARN_UNUSED_VARIABLE = YES;
				IPHONEOS_DEPLOYMENT_TARGET = 13.2;
				MTL_ENABLE_DEBUG_INFO = NO;
				MTL_FAST_MATH = YES;
				SDKROOT = iphoneos;
				SWIFT_COMPILATION_MODE = wholemodule;
				SWIFT_OPTIMIZATION_LEVEL = "-O";
				VALIDATE_PRODUCT = YES;
			};
			name = Release;
		};
		C3E56F1723DFD25000D1DC43 /* Debug */ = {
			isa = XCBuildConfiguration;
			buildSettings = {
				ASSETCATALOG_COMPILER_APPICON_NAME = AppIcon;
				CODE_SIGN_STYLE = Automatic;
				INFOPLIST_FILE = SkillLaneTest/Info.plist;
				LD_RUNPATH_SEARCH_PATHS = (
					"$(inherited)",
					"@executable_path/Frameworks",
				);
				PRODUCT_BUNDLE_IDENTIFIER = com.gas.SkillLaneTest;
				PRODUCT_NAME = "$(TARGET_NAME)";
				SWIFT_VERSION = 5.0;
				TARGETED_DEVICE_FAMILY = "1,2";
			};
			name = Debug;
		};
		C3E56F1823DFD25000D1DC43 /* Release */ = {
			isa = XCBuildConfiguration;
			buildSettings = {
				ASSETCATALOG_COMPILER_APPICON_NAME = AppIcon;
				CODE_SIGN_STYLE = Automatic;
				INFOPLIST_FILE = SkillLaneTest/Info.plist;
				LD_RUNPATH_SEARCH_PATHS = (
					"$(inherited)",
					"@executable_path/Frameworks",
				);
				PRODUCT_BUNDLE_IDENTIFIER = com.gas.SkillLaneTest;
				PRODUCT_NAME = "$(TARGET_NAME)";
				SWIFT_VERSION = 5.0;
				TARGETED_DEVICE_FAMILY = "1,2";
			};
			name = Release;
		};
/* End XCBuildConfiguration section */

/* Begin XCConfigurationList section */
		C3E56EFD23DFD24F00D1DC43 /* Build configuration list for PBXProject "SkillLaneTest" */ = {
			isa = XCConfigurationList;
			buildConfigurations = (
				C3E56F1423DFD25000D1DC43 /* Debug */,
				C3E56F1523DFD25000D1DC43 /* Release */,
			);
			defaultConfigurationIsVisible = 0;
			defaultConfigurationName = Release;
		};
		C3E56F1623DFD25000D1DC43 /* Build configuration list for PBXNativeTarget "SkillLaneTest" */ = {
			isa = XCConfigurationList;
			buildConfigurations = (
				C3E56F1723DFD25000D1DC43 /* Debug */,
				C3E56F1823DFD25000D1DC43 /* Release */,
			);
			defaultConfigurationIsVisible = 0;
			defaultConfigurationName = Release;
		};
/* End XCConfigurationList section */
	};
	rootObject = C3E56EFA23DFD24F00D1DC43 /* Project object */;
}
